{
  "name": "lisk-delivery-transactions",
  "version": "1.0.0",
  "lockfileVersion": 1,
  "requires": true,
  "dependencies": {
    "@liskhq/bignum": {
      "version": "1.3.1",
      "resolved": "https://registry.npmjs.org/@liskhq/bignum/-/bignum-1.3.1.tgz",
      "integrity": "sha512-q9+NvqbpmXOqpPmV8Y+XSEIUJFMZDGyfW6rkN9Ej3nzPb/qurY/Ic2UPTeTTaj8+q/bcw5JUwTb86hi7PIziDg==",
      "requires": {
        "@types/node": "11.11.2"
      },
      "dependencies": {
        "@types/node": {
          "version": "11.11.2",
          "resolved": "https://registry.npmjs.org/@types/node/-/node-11.11.2.tgz",
          "integrity": "sha512-iEaHiDNkHv4Jrm9O5T37OYEUwjJesiyt6ZlhLFK0sbo4CLD0jyCOB4Pc2F9iD3MbW2397SLNxZKdDGntGaBjQQ=="
        }
      }
    },
    "@liskhq/lisk-cryptography": {
      "version": "2.3.0",
      "resolved": "https://registry.npmjs.org/@liskhq/lisk-cryptography/-/lisk-cryptography-2.3.0.tgz",
      "integrity": "sha512-NMcUtRcZEyA71NuokGvl2ApXafhEe5Y8z+xdCFjhU1tt7RExmqik4JQ3pCNyvqBVKI7lVlg284zk03idjbmR5w==",
      "requires": {
        "@liskhq/bignum": "1.3.1",
        "@types/ed2curve": "0.2.2",
        "@types/node": "10.12.21",
        "buffer-reverse": "1.0.1",
        "ed2curve": "0.2.1",
        "sodium-native": "2.4.6",
        "tweetnacl": "1.0.1",
        "varuint-bitcoin": "1.1.0"
      }
    },
    "@liskhq/lisk-transactions": {
      "version": "2.3.1",
      "resolved": "https://registry.npmjs.org/@liskhq/lisk-transactions/-/lisk-transactions-2.3.1.tgz",
      "integrity": "sha512-RnB/FMgPOOl/C1QJ7ii71JpmRFTMD2hoWKQfwU5wYBjnXIiwgU6YvjXDIjoh+OfNYwv8frGlI5nq6qmPb0FhUQ==",
      "requires": {
        "@liskhq/bignum": "1.3.1",
        "@liskhq/lisk-cryptography": "2.3.0",
        "@types/node": "10.12.21",
        "ajv": "6.8.1",
        "ajv-merge-patch": "4.1.0"
      }
    },
    "@types/ed2curve": {
      "version": "0.2.2",
      "resolved": "https://registry.npmjs.org/@types/ed2curve/-/ed2curve-0.2.2.tgz",
      "integrity": "sha512-G1sTX5xo91ydevQPINbL2nfgVAj/s1ZiqZxC8OCWduwu+edoNGUm5JXtTkg9F3LsBZbRI46/0HES4CPUE2wc9g==",
      "requires": {
        "tweetnacl": "^1.0.0"
      }
    },
    "@types/node": {
      "version": "10.12.21",
      "resolved": "https://registry.npmjs.org/@types/node/-/node-10.12.21.tgz",
      "integrity": "sha512-CBgLNk4o3XMnqMc0rhb6lc77IwShMEglz05deDcn2lQxyXEZivfwgYJu7SMha9V5XcrP6qZuevTHV/QrN2vjKQ=="
    },
    "ajv": {
      "version": "6.8.1",
      "resolved": "https://registry.npmjs.org/ajv/-/ajv-6.8.1.tgz",
      "integrity": "sha512-eqxCp82P+JfqL683wwsL73XmFs1eG6qjw+RD3YHx+Jll1r0jNd4dh8QG9NYAeNGA/hnZjeEDgtTskgJULbxpWQ==",
      "requires": {
        "fast-deep-equal": "^2.0.1",
        "fast-json-stable-stringify": "^2.0.0",
        "json-schema-traverse": "^0.4.1",
        "uri-js": "^4.2.2"
      }
    },
    "ajv-merge-patch": {
      "version": "4.1.0",
      "resolved": "https://registry.npmjs.org/ajv-merge-patch/-/ajv-merge-patch-4.1.0.tgz",
      "integrity": "sha512-0mAYXMSauA8RZ7r+B4+EAOYcZEcO9OK5EiQCR7W7Cv4E44pJj56ZnkKLJ9/PAcOc0dT+LlV9fdDcq2TxVJfOYw==",
      "requires": {
        "fast-json-patch": "^2.0.6",
        "json-merge-patch": "^0.2.3"
      }
    },
    "buffer-reverse": {
      "version": "1.0.1",
      "resolved": "https://registry.npmjs.org/buffer-reverse/-/buffer-reverse-1.0.1.tgz",
      "integrity": "sha1-SSg8jvpvkBvAH6MwTQYCeXGuL2A="
    },
    "deep-equal": {
      "version": "1.1.0",
      "resolved": "https://registry.npmjs.org/deep-equal/-/deep-equal-1.1.0.tgz",
      "integrity": "sha512-ZbfWJq/wN1Z273o7mUSjILYqehAktR2NVoSrOukDkU9kg2v/Uv89yU4Cvz8seJeAmtN5oqiefKq8FPuXOboqLw==",
      "requires": {
        "is-arguments": "^1.0.4",
        "is-date-object": "^1.0.1",
        "is-regex": "^1.0.4",
        "object-is": "^1.0.1",
        "object-keys": "^1.1.1",
        "regexp.prototype.flags": "^1.2.0"
      }
    },
    "define-properties": {
      "version": "1.1.3",
      "resolved": "https://registry.npmjs.org/define-properties/-/define-properties-1.1.3.tgz",
      "integrity": "sha512-3MqfYKj2lLzdMSf8ZIZE/V+Zuy+BgD6f164e8K2w7dgnpKArBDerGYpM46IYYcjnkdPNMjPk9A6VFB8+3SKlXQ==",
      "requires": {
        "object-keys": "^1.0.12"
      }
    },
    "ed2curve": {
      "version": "0.2.1",
      "resolved": "https://registry.npmjs.org/ed2curve/-/ed2curve-0.2.1.tgz",
      "integrity": "sha1-Iuaqo1aePE2/Tu+ilhLsMp5YGQw=",
      "requires": {
        "tweetnacl": "0.x.x"
      },
      "dependencies": {
        "tweetnacl": {
          "version": "0.14.5",
          "resolved": "https://registry.npmjs.org/tweetnacl/-/tweetnacl-0.14.5.tgz",
          "integrity": "sha1-WuaBd/GS1EViadEIr6k/+HQ/T2Q="
        }
      }
    },
    "fast-deep-equal": {
      "version": "2.0.1",
      "resolved": "https://registry.npmjs.org/fast-deep-equal/-/fast-deep-equal-2.0.1.tgz",
      "integrity": "sha1-ewUhjd+WZ79/Nwv3/bLLFf3Qqkk="
    },
    "fast-json-patch": {
      "version": "2.2.1",
      "resolved": "https://registry.npmjs.org/fast-json-patch/-/fast-json-patch-2.2.1.tgz",
      "integrity": "sha512-4j5uBaTnsYAV5ebkidvxiLUYOwjQ+JSFljeqfTxCrH9bDmlCQaOJFS84oDJ2rAXZq2yskmk3ORfoP9DCwqFNig==",
      "requires": {
        "fast-deep-equal": "^2.0.1"
      }
    },
    "fast-json-stable-stringify": {
      "version": "2.0.0",
      "resolved": "https://registry.npmjs.org/fast-json-stable-stringify/-/fast-json-stable-stringify-2.0.0.tgz",
      "integrity": "sha1-1RQsDK7msRifh9OnYREGT4bIu/I="
    },
    "function-bind": {
      "version": "1.1.1",
      "resolved": "https://registry.npmjs.org/function-bind/-/function-bind-1.1.1.tgz",
      "integrity": "sha512-yIovAzMX49sF8Yl58fSCWJ5svSLuaibPxXQJFLmBObTuCr0Mf1KiPopGM9NiFjiYBCbfaa2Fh6breQ6ANVTI0A=="
    },
    "has": {
      "version": "1.0.3",
      "resolved": "https://registry.npmjs.org/has/-/has-1.0.3.tgz",
      "integrity": "sha512-f2dvO0VU6Oej7RkWJGrehjbzMAjFp5/VKPp5tTpWIV4JHHZK1/BxbFRtf/siA2SWTe09caDmVtYYzWEIbBS4zw==",
      "requires": {
        "function-bind": "^1.1.1"
      }
    },
    "ini": {
      "version": "1.3.5",
      "resolved": "https://registry.npmjs.org/ini/-/ini-1.3.5.tgz",
      "integrity": "sha512-RZY5huIKCMRWDUqZlEi72f/lmXKMvuszcMBduliQ3nnWbx9X/ZBQO7DijMEYS9EhHBb2qacRUMtC7svLwe0lcw==",
      "optional": true
    },
    "is-arguments": {
      "version": "1.0.4",
      "resolved": "https://registry.npmjs.org/is-arguments/-/is-arguments-1.0.4.tgz",
      "integrity": "sha512-xPh0Rmt8NE65sNzvyUmWgI1tz3mKq74lGA0mL8LYZcoIzKOzDh6HmrYm3d18k60nHerC8A9Km8kYu87zfSFnLA=="
    },
    "is-date-object": {
      "version": "1.0.1",
      "resolved": "https://registry.npmjs.org/is-date-object/-/is-date-object-1.0.1.tgz",
      "integrity": "sha1-mqIOtq7rv/d/vTPnTKAbM1gdOhY="
    },
    "is-regex": {
      "version": "1.0.4",
      "resolved": "https://registry.npmjs.org/is-regex/-/is-regex-1.0.4.tgz",
      "integrity": "sha1-VRdIm1RwkbCTDglWVM7SXul+lJE=",
      "requires": {
        "has": "^1.0.1"
      }
    },
    "json-merge-patch": {
      "version": "0.2.3",
      "resolved": "https://registry.npmjs.org/json-merge-patch/-/json-merge-patch-0.2.3.tgz",
      "integrity": "sha1-+ixrWvh9p3uuKWalidUuI+2B/kA=",
      "requires": {
        "deep-equal": "^1.0.0"
      }
    },
    "json-schema-traverse": {
      "version": "0.4.1",
      "resolved": "https://registry.npmjs.org/json-schema-traverse/-/json-schema-traverse-0.4.1.tgz",
      "integrity": "sha512-xbbCH5dCYU5T8LcEhhuh7HJ88HXuW3qsI3Y0zOZFKfZEHcpWiHU/Jxzk629Brsab/mMiHQti9wMP+845RPe3Vg=="
    },
    "nan": {
      "version": "2.14.0",
      "resolved": "https://registry.npmjs.org/nan/-/nan-2.14.0.tgz",
      "integrity": "sha512-INOFj37C7k3AfaNTtX8RhsTw7qRy7eLET14cROi9+5HAVbbHuIWUHEauBv5qT4Av2tWasiTY1Jw6puUNqRJXQg==",
      "optional": true
    },
    "node-gyp-build": {
      "version": "4.1.1",
      "resolved": "https://registry.npmjs.org/node-gyp-build/-/node-gyp-build-4.1.1.tgz",
      "integrity": "sha512-dSq1xmcPDKPZ2EED2S6zw/b9NKsqzXRE6dVr8TVQnI3FJOTteUMuqF3Qqs6LZg+mLGYJWqQzMbIjMtJqTv87nQ==",
      "optional": true
    },
    "object-is": {
      "version": "1.0.1",
      "resolved": "https://registry.npmjs.org/object-is/-/object-is-1.0.1.tgz",
      "integrity": "sha1-CqYOyZiaCz7Xlc9NBvYs8a1lObY="
    },
    "object-keys": {
      "version": "1.1.1",
      "resolved": "https://registry.npmjs.org/object-keys/-/object-keys-1.1.1.tgz",
      "integrity": "sha512-NuAESUOUMrlIXOfHKzD6bpPu3tYt3xvjNdRIQ+FeT0lNb4K8WR70CaDxhuNguS2XG+GjkyMwOzsN5ZktImfhLA=="
    },
    "punycode": {
      "version": "2.1.1",
      "resolved": "https://registry.npmjs.org/punycode/-/punycode-2.1.1.tgz",
      "integrity": "sha512-XRsRjdf+j5ml+y/6GKHPZbrF/8p2Yga0JPtdqTIY2Xe5ohJPD9saDJJLPvp9+NSBprVvevdXZybnj2cv8OEd0A=="
    },
    "regexp.prototype.flags": {
      "version": "1.2.0",
      "resolved": "https://registry.npmjs.org/regexp.prototype.flags/-/regexp.prototype.flags-1.2.0.tgz",
      "integrity": "sha512-ztaw4M1VqgMwl9HlPpOuiYgItcHlunW0He2fE6eNfT6E/CF2FtYi9ofOYe4mKntstYk0Fyh/rDRBdS3AnxjlrA==",
      "requires": {
        "define-properties": "^1.1.2"
      }
    },
    "safe-buffer": {
      "version": "5.2.0",
      "resolved": "https://registry.npmjs.org/safe-buffer/-/safe-buffer-5.2.0.tgz",
      "integrity": "sha512-fZEwUGbVl7kouZs1jCdMLdt95hdIv0ZeHg6L7qPeciMZhZ+/gdesW4wgTARkrFWEpspjEATAzUGPG8N2jJiwbg=="
    },
    "sodium-native": {
      "version": "2.4.6",
      "resolved": "https://registry.npmjs.org/sodium-native/-/sodium-native-2.4.6.tgz",
      "integrity": "sha512-Ro9lhTjot8M01nwKLXiqLSmjR7B8o+Wg4HmJUjEShw/q6XPlNMzjPkA1VJKaMH8SO8fJ/sggAKVwreTaFszS2Q==",
      "optional": true,
      "requires": {
        "ini": "^1.3.5",
        "nan": "^2.14.0",
        "node-gyp-build": "^4.1.0"
      }
    },
    "tweetnacl": {
      "version": "1.0.1",
      "resolved": "https://registry.npmjs.org/tweetnacl/-/tweetnacl-1.0.1.tgz",
      "integrity": "sha512-kcoMoKTPYnoeS50tzoqjPY3Uv9axeuuFAZY9M/9zFnhoVvRfxz9K29IMPD7jGmt2c8SW7i3gT9WqDl2+nV7p4A=="
    },
    "uri-js": {
      "version": "4.2.2",
      "resolved": "https://registry.npmjs.org/uri-js/-/uri-js-4.2.2.tgz",
      "integrity": "sha512-KY9Frmirql91X2Qgjry0Wd4Y+YTdrdZheS8TFwvkbLWf/G5KNJDCh6pKL5OZctEW4+0Baa5idK2ZQuELRwPznQ==",
      "requires": {
        "punycode": "^2.1.0"
      }
    },
    "varuint-bitcoin": {
      "version": "1.1.0",
      "resolved": "https://registry.npmjs.org/varuint-bitcoin/-/varuint-bitcoin-1.1.0.tgz",
      "integrity": "sha512-jCEPG+COU/1Rp84neKTyDJQr478/hAfVp5xxYn09QEH0yBjbmPeMfuuQIrp+BUD83hybtYZKhr5elV3bvdV1bA==",
      "requires": {
        "safe-buffer": "^5.1.1"
      }
    }
  }
}
